
Microsoft Visual Studio Solution File, Format Version 12.00
# Visual Studio Version 16
VisualStudioVersion = 16.0.30621.155
MinimumVisualStudioVersion = 10.0.40219.1
Project("{9A19103F-16F7-4668-BE54-9A1E7A4F7556}") = "Lab5CarOwnerDealershipDB", "Lab5CarOwnerDealershipDB.csproj", "{E9AD2DB4-1E7E-447D-8E0B-F7C012584431}"
EndProject
Global
	GlobalSection(SolutionConfigurationPlatforms) = preSolution
		Debug|Any CPU = Debug|Any CPU
		Release|Any CPU = Release|Any CPU
	EndGlobalSection
	GlobalSection(ProjectConfigurationPlatforms) = postSolution
		{E9AD2DB4-1E7E-447D-8E0B-F7C012584431}.Debug|Any CPU.ActiveCfg = Debug|Any CPU
		{E9AD2DB4-1E7E-447D-8E0B-F7C012584431}.Debug|Any CPU.Build.0 = Debug|Any CPU
		{E9AD2DB4-1E7E-447D-8E0B-F7C012584431}.Release|Any CPU.ActiveCfg = Release|Any CPU
		{E9AD2DB4-1E7E-447D-8E0B-F7C012584431}.Release|Any CPU.Build.0 = Release|Any CPU
	EndGlobalSection
	GlobalSection(SolutionProperties) = preSolution
		HideSolutionNode = FALSE
	EndGlobalSection
	GlobalSection(ExtensibilityGlobals) = postSolution
		SolutionGuid = {BD723B36-906A-422F-BDEB-8EFBD29E673A}
	EndGlobalSection
EndGlobal
